# This file is automatically @generated by Cargo.
# It is not intended for manual editing.
version = 3

[[package]]
name = "bitflags"
version = "2.4.1"
source = "registry+https://github.com/rust-lang/crates.io-index"
checksum = "327762f6e5a765692301e5bb513e0d9fef63be86bbc14528052b1cd3e6f03e07"

[[package]]
name = "cargo-component-bindings"
version = "0.4.1"
source = "registry+https://github.com/rust-lang/crates.io-index"
checksum = "2d78a19c0ed1121924409696c56baeb0f86e7f6162be2e6f1bd0831f963cd388"
dependencies = [
 "cargo-component-macro",
 "wit-bindgen",
]

[[package]]
name = "cargo-component-macro"
version = "0.4.1"
source = "registry+https://github.com/rust-lang/crates.io-index"
checksum = "7f34296f29578ed60c4db818cd1bfdb3e17ed47dc31da9f2c94ca240bdb9b92a"
dependencies = [
 "proc-macro2",
 "quote",
 "syn",
]

[[package]]
name = "hello-wasi-http"
version = "0.0.0"
dependencies = [
 "cargo-component-bindings",
]

[[package]]
name = "proc-macro2"
version = "1.0.69"
source = "registry+https://github.com/rust-lang/crates.io-index"
checksum = "134c189feb4956b20f6f547d2cf727d4c0fe06722b20a0eec87ed445a97f92da"
dependencies = [
 "unicode-ident",
]

[[package]]
name = "quote"
version = "1.0.33"
source = "registry+https://github.com/rust-lang/crates.io-index"
checksum = "5267fca4496028628a95160fc423a33e8b2e6af8a5302579e322e4b520293cae"
dependencies = [
 "proc-macro2",
]

[[package]]
name = "syn"
version = "2.0.38"
source = "registry+https://github.com/rust-lang/crates.io-index"
checksum = "e96b79aaa137db8f61e26363a0c9b47d8b4ec75da28b7d1d614c2303e232408b"
dependencies = [
 "proc-macro2",
 "quote",
 "unicode-ident",
]

[[package]]
name = "unicode-ident"
version = "1.0.12"
source = "registry+https://github.com/rust-lang/crates.io-index"
checksum = "3354b9ac3fae1ff6755cb6db53683adb661634f67557942dea4facebec0fee4b"

[[package]]
name = "wit-bindgen"
version = "0.13.0"
source = "registry+https://github.com/rust-lang/crates.io-index"
checksum = "c7d92ce0ca6b6074059413a9581a637550c3a740581c854f9847ec293c8aed71"
dependencies = [
 "bitflags",
]
