# This file is automatically @generated by Cargo.
# It is not intended for manual editing.
version = 3

[[package]]
name = "bitflags"
version = "2.6.0"
source = "registry+https://github.com/rust-lang/crates.io-index"
checksum = "b048fb63fd8b5923fc5aa7b340d8e156aec7ec02f0c78fa8a6ddc2613f6f71de"

[[package]]
name = "hello-wasi-http"
version = "0.0.0"
dependencies = [
 "wit-bindgen-rt",
]

[[package]]
name = "wit-bindgen-rt"
version = "0.35.0"
source = "registry+https://github.com/rust-lang/crates.io-index"
checksum = "605d5562e971a823cf5a550a9d69cb7144e9b4969a810043127175517a4e1865"
dependencies = [
 "bitflags",
]
